{
  "name": "relbox",
  "version": "1.0.0",
  "lockfileVersion": 2,
  "requires": true,
  "packages": {
    "": {
      "name": "relbox",
      "version": "1.0.0",
      "license": "ISC",
      "dependencies": {
        "@bitauth/libauth": "^1.19.1",
        "@ryyppy/rescript-promise": "^2.1.0",
        "lbox": "^0.0.1"
      },
      "devDependencies": {
        "rescript": "^10.0.1"
      }
    },
    "node_modules/@bitauth/libauth": {
      "version": "1.19.1",
      "resolved": "https://registry.npmjs.org/@bitauth/libauth/-/libauth-1.19.1.tgz",
      "integrity": "sha512-R524tD5VwOt3QRHr7N518nqTVR/HKgfWL4LypekcGuNQN8R4PWScvuRcRzrY39A28kLztMv+TJdiKuMNbkU1ug==",
      "engines": {
        "node": ">=8.9"
      }
    },
    "node_modules/@ryyppy/rescript-promise": {
      "version": "2.1.0",
      "resolved": "https://registry.npmjs.org/@ryyppy/rescript-promise/-/rescript-promise-2.1.0.tgz",
      "integrity": "sha512-+dW6msBrj2Lr2hbEMX+HoWCvN89qVjl94RwbYWJgHQuj8jm/izdPC0YzxgpGoEFdeAEW2sOozoLcYHxT6o5WXQ=="
    },
    "node_modules/lbox": {
      "version": "0.0.1",
      "resolved": "https://registry.npmjs.org/lbox/-/lbox-0.0.1.tgz",
      "integrity": "sha512-DN3oLab4Dx0N82Xirvlcb8f6RttLWxAtTWOzoYoNJZIv2ww/ngGRSy8OpvckVDy/ji9b+OBoIED1Yy/CtOi5fg==",
      "dependencies": {
        "@bitauth/libauth": "^1.18.1"
      }
    },
    "node_modules/rescript": {
      "version": "10.0.1",
      "resolved": "https://registry.npmjs.org/rescript/-/rescript-10.0.1.tgz",
      "integrity": "sha512-XwO1GPDtoEU4H03xQE5bp0/qtSVR6YLaJRPxWKrfFgKc+LI36ODOCie7o9UJfgzQdoMYkkZyiTGZ4N9OQEaiUw==",
      "dev": true,
      "hasInstallScript": true,
      "bin": {
        "bsc": "bsc",
        "bsrefmt": "bsrefmt",
        "bstracing": "lib/bstracing",
        "rescript": "rescript"
      }
    }
  },
  "dependencies": {
    "@bitauth/libauth": {
      "version": "1.19.1",
      "resolved": "https://registry.npmjs.org/@bitauth/libauth/-/libauth-1.19.1.tgz",
      "integrity": "sha512-R524tD5VwOt3QRHr7N518nqTVR/HKgfWL4LypekcGuNQN8R4PWScvuRcRzrY39A28kLztMv+TJdiKuMNbkU1ug=="
    },
    "@ryyppy/rescript-promise": {
      "version": "2.1.0",
      "resolved": "https://registry.npmjs.org/@ryyppy/rescript-promise/-/rescript-promise-2.1.0.tgz",
      "integrity": "sha512-+dW6msBrj2Lr2hbEMX+HoWCvN89qVjl94RwbYWJgHQuj8jm/izdPC0YzxgpGoEFdeAEW2sOozoLcYHxT6o5WXQ=="
    },
    "lbox": {
      "version": "0.0.1",
      "resolved": "https://registry.npmjs.org/lbox/-/lbox-0.0.1.tgz",
      "integrity": "sha512-DN3oLab4Dx0N82Xirvlcb8f6RttLWxAtTWOzoYoNJZIv2ww/ngGRSy8OpvckVDy/ji9b+OBoIED1Yy/CtOi5fg==",
      "requires": {
        "@bitauth/libauth": "^1.18.1"
      }
    },
    "rescript": {
      "version": "10.0.1",
      "resolved": "https://registry.npmjs.org/rescript/-/rescript-10.0.1.tgz",
      "integrity": "sha512-XwO1GPDtoEU4H03xQE5bp0/qtSVR6YLaJRPxWKrfFgKc+LI36ODOCie7o9UJfgzQdoMYkkZyiTGZ4N9OQEaiUw==",
      "dev": true
    }
  }
}
